{
  "name": "mdb",
  "version": "1.0.0",
  "lockfileVersion": 1,
  "requires": true,
  "dependencies": {
    "async": {
      "version": "2.6.1",
      "resolved": "http://r.cnpmjs.org/async/download/async-2.6.1.tgz",
      "integrity": "sha1-skWiPKcZMAROxT+kaqAKPofGphA=",
      "requires": {
        "lodash": "4.17.10"
      }
    },
    "bluebird": {
      "version": "3.5.0",
      "resolved": "http://r.cnpmjs.org/bluebird/download/bluebird-3.5.0.tgz",
      "integrity": "sha1-eRQg1/VR7qKJdFOop3ZT+WYG1nw="
    },
    "bson": {
      "version": "1.0.9",
      "resolved": "http://r.cnpmjs.org/bson/download/bson-1.0.9.tgz",
      "integrity": "sha1-EjGfgyOxJUc5t8a++NPomuBaL1c="
    },
    "debug": {
      "version": "2.6.9",
      "resolved": "http://r.cnpmjs.org/debug/download/debug-2.6.9.tgz",
      "integrity": "sha1-XRKFFd8TT/Mn6QpMk/Tgd6U2NB8=",
      "requires": {
        "ms": "2.0.0"
      }
    },
    "kareem": {
      "version": "2.2.1",
      "resolved": "http://r.cnpmjs.org/kareem/download/kareem-2.2.1.tgz",
      "integrity": "sha1-mVCAlBWqPN5iq0O097kZ2ZgW4BU="
    },
    "lodash": {
      "version": "4.17.10",
      "resolved": "http://r.cnpmjs.org/lodash/download/lodash-4.17.10.tgz",
      "integrity": "sha1-G3eTz3JZ6jj7NmHU04syYK+K5Oc="
    },
    "lodash.get": {
      "version": "4.4.2",
      "resolved": "http://r.cnpmjs.org/lodash.get/download/lodash.get-4.4.2.tgz",
      "integrity": "sha1-LRd/ZS+jHpObRDjVNBSZ36OCXpk="
    },
    "mongodb": {
      "version": "3.0.10",
      "resolved": "http://r.cnpmjs.org/mongodb/download/mongodb-3.0.10.tgz",
      "integrity": "sha1-+UjLlZWty/ytdET2skoEC2U7I+g=",
      "requires": {
        "mongodb-core": "3.0.9"
      }
    },
    "mongodb-core": {
      "version": "3.0.9",
      "resolved": "http://r.cnpmjs.org/mongodb-core/download/mongodb-core-3.0.9.tgz",
      "integrity": "sha1-gydBDIiBEBP7PkrHxMZw8yQ0m+E=",
      "requires": {
        "bson": "1.0.9",
        "require_optional": "1.0.1"
      }
    },
    "mongoose": {
      "version": "5.1.7",
      "resolved": "http://r.cnpmjs.org/mongoose/download/mongoose-5.1.7.tgz",
      "integrity": "sha1-sTRjJ4zEVbPhkDG5bN6cIBAJX2w=",
      "requires": {
        "async": "2.6.1",
        "bson": "1.0.9",
        "kareem": "2.2.1",
        "lodash.get": "4.4.2",
        "mongodb": "3.0.10",
        "mongoose-legacy-pluralize": "1.0.2",
        "mpath": "0.4.1",
        "mquery": "3.0.0",
        "ms": "2.0.0",
        "regexp-clone": "0.0.1",
        "sliced": "1.0.1"
      }
    },
    "mongoose-legacy-pluralize": {
      "version": "1.0.2",
      "resolved": "http://r.cnpmjs.org/mongoose-legacy-pluralize/download/mongoose-legacy-pluralize-1.0.2.tgz",
      "integrity": "sha1-O6n5H6UHtRhtOZ+0CFS/8Y+1Y+Q="
    },
    "mpath": {
      "version": "0.4.1",
      "resolved": "http://r.cnpmjs.org/mpath/download/mpath-0.4.1.tgz",
      "integrity": "sha1-7RA4hDA4C/e7tb4TkeXWlpywjok="
    },
    "mquery": {
      "version": "3.0.0",
      "resolved": "http://r.cnpmjs.org/mquery/download/mquery-3.0.0.tgz",
      "integrity": "sha1-5fOH26vAubaYWeVQ6BD6q+DOq7A=",
      "requires": {
        "bluebird": "3.5.0",
        "debug": "2.6.9",
        "regexp-clone": "0.0.1",
        "sliced": "0.0.5"
      },
      "dependencies": {
        "sliced": {
          "version": "0.0.5",
          "resolved": "http://r.cnpmjs.org/sliced/download/sliced-0.0.5.tgz",
          "integrity": "sha1-XtwETKTrb3gW1Qui/GPiXY/kcH8="
        }
      }
    },
    "ms": {
      "version": "2.0.0",
      "resolved": "http://r.cnpmjs.org/ms/download/ms-2.0.0.tgz",
      "integrity": "sha1-VgiurfwAvmwpAd9fmGF4jeDVl8g="
    },
    "regexp-clone": {
      "version": "0.0.1",
      "resolved": "http://r.cnpmjs.org/regexp-clone/download/regexp-clone-0.0.1.tgz",
      "integrity": "sha1-p8LgmJH9vzj7sQ03b7cwA+aKxYk="
    },
    "require_optional": {
      "version": "1.0.1",
      "resolved": "http://r.cnpmjs.org/require_optional/download/require_optional-1.0.1.tgz",
      "integrity": "sha1-TPNaQkf2TKPfjC7yCMxJSxyo/C4=",
      "requires": {
        "resolve-from": "2.0.0",
        "semver": "5.5.0"
      }
    },
    "resolve-from": {
      "version": "2.0.0",
      "resolved": "http://r.cnpmjs.org/resolve-from/download/resolve-from-2.0.0.tgz",
      "integrity": "sha1-lICrIOlP+h2egKgEx+oUdhGWa1c="
    },
    "semver": {
      "version": "5.5.0",
      "resolved": "http://r.cnpmjs.org/semver/download/semver-5.5.0.tgz",
      "integrity": "sha1-3Eu8emyp2Rbe5dQ1FvAJK1j3uKs="
    },
    "sliced": {
      "version": "1.0.1",
      "resolved": "http://r.cnpmjs.org/sliced/download/sliced-1.0.1.tgz",
      "integrity": "sha1-CzpmK10Ewxd7GSa+qCsD+Dei70E="
    }
  }
}
